
Microsoft Visual Studio Solution File, Format Version 12.00
# Visual Studio Version 16
Project("{8BC9CEB8-8B4A-11D0-8D11-00A0C91BC942}") = "ALL_BUILD", "ALL_BUILD.vcxproj", "{0A135621-7942-35F1-B67D-E0269F0F0827}"
	ProjectSection(ProjectDependencies) = postProject
		{48EC1788-136A-32C9-A73D-5BDB7267319B} = {48EC1788-136A-32C9-A73D-5BDB7267319B}
		{3AFC9A37-A8B3-34ED-AC62-990091B66AB5} = {3AFC9A37-A8B3-34ED-AC62-990091B66AB5}
		{94CDD014-04C2-3060-8076-53938115FAF8} = {94CDD014-04C2-3060-8076-53938115FAF8}
	EndProjectSection
EndProject
Project("{8BC9CEB8-8B4A-11D0-8D11-00A0C91BC942}") = "Simulator_Lib", "src\Simulator\Simulator_Lib.vcxproj", "{48EC1788-136A-32C9-A73D-5BDB7267319B}"
	ProjectSection(ProjectDependencies) = postProject
		{94CDD014-04C2-3060-8076-53938115FAF8} = {94CDD014-04C2-3060-8076-53938115FAF8}
	EndProjectSection
EndProject
Project("{8BC9CEB8-8B4A-11D0-8D11-00A0C91BC942}") = "WASM-Simulator", "WASM-Simulator.vcxproj", "{3AFC9A37-A8B3-34ED-AC62-990091B66AB5}"
	ProjectSection(ProjectDependencies) = postProject
		{94CDD014-04C2-3060-8076-53938115FAF8} = {94CDD014-04C2-3060-8076-53938115FAF8}
	EndProjectSection
EndProject
Project("{8BC9CEB8-8B4A-11D0-8D11-00A0C91BC942}") = "ZERO_CHECK", "ZERO_CHECK.vcxproj", "{94CDD014-04C2-3060-8076-53938115FAF8}"
	ProjectSection(ProjectDependencies) = postProject
	EndProjectSection
EndProject
Global
	GlobalSection(SolutionConfigurationPlatforms) = preSolution
		Debug|x64 = Debug|x64
		Release|x64 = Release|x64
		MinSizeRel|x64 = MinSizeRel|x64
		RelWithDebInfo|x64 = RelWithDebInfo|x64
	EndGlobalSection
	GlobalSection(ProjectConfigurationPlatforms) = postSolution
		{0A135621-7942-35F1-B67D-E0269F0F0827}.Debug|x64.ActiveCfg = Debug|x64
		{0A135621-7942-35F1-B67D-E0269F0F0827}.Release|x64.ActiveCfg = Release|x64
		{0A135621-7942-35F1-B67D-E0269F0F0827}.MinSizeRel|x64.ActiveCfg = MinSizeRel|x64
		{0A135621-7942-35F1-B67D-E0269F0F0827}.RelWithDebInfo|x64.ActiveCfg = RelWithDebInfo|x64
		{48EC1788-136A-32C9-A73D-5BDB7267319B}.Debug|x64.ActiveCfg = Debug|x64
		{48EC1788-136A-32C9-A73D-5BDB7267319B}.Debug|x64.Build.0 = Debug|x64
		{48EC1788-136A-32C9-A73D-5BDB7267319B}.Release|x64.ActiveCfg = Release|x64
		{48EC1788-136A-32C9-A73D-5BDB7267319B}.Release|x64.Build.0 = Release|x64
		{48EC1788-136A-32C9-A73D-5BDB7267319B}.MinSizeRel|x64.ActiveCfg = MinSizeRel|x64
		{48EC1788-136A-32C9-A73D-5BDB7267319B}.MinSizeRel|x64.Build.0 = MinSizeRel|x64
		{48EC1788-136A-32C9-A73D-5BDB7267319B}.RelWithDebInfo|x64.ActiveCfg = RelWithDebInfo|x64
		{48EC1788-136A-32C9-A73D-5BDB7267319B}.RelWithDebInfo|x64.Build.0 = RelWithDebInfo|x64
		{3AFC9A37-A8B3-34ED-AC62-990091B66AB5}.Debug|x64.ActiveCfg = Debug|x64
		{3AFC9A37-A8B3-34ED-AC62-990091B66AB5}.Debug|x64.Build.0 = Debug|x64
		{3AFC9A37-A8B3-34ED-AC62-990091B66AB5}.Release|x64.ActiveCfg = Release|x64
		{3AFC9A37-A8B3-34ED-AC62-990091B66AB5}.Release|x64.Build.0 = Release|x64
		{3AFC9A37-A8B3-34ED-AC62-990091B66AB5}.MinSizeRel|x64.ActiveCfg = MinSizeRel|x64
		{3AFC9A37-A8B3-34ED-AC62-990091B66AB5}.MinSizeRel|x64.Build.0 = MinSizeRel|x64
		{3AFC9A37-A8B3-34ED-AC62-990091B66AB5}.RelWithDebInfo|x64.ActiveCfg = RelWithDebInfo|x64
		{3AFC9A37-A8B3-34ED-AC62-990091B66AB5}.RelWithDebInfo|x64.Build.0 = RelWithDebInfo|x64
		{94CDD014-04C2-3060-8076-53938115FAF8}.Debug|x64.ActiveCfg = Debug|x64
		{94CDD014-04C2-3060-8076-53938115FAF8}.Debug|x64.Build.0 = Debug|x64
		{94CDD014-04C2-3060-8076-53938115FAF8}.Release|x64.ActiveCfg = Release|x64
		{94CDD014-04C2-3060-8076-53938115FAF8}.Release|x64.Build.0 = Release|x64
		{94CDD014-04C2-3060-8076-53938115FAF8}.MinSizeRel|x64.ActiveCfg = MinSizeRel|x64
		{94CDD014-04C2-3060-8076-53938115FAF8}.MinSizeRel|x64.Build.0 = MinSizeRel|x64
		{94CDD014-04C2-3060-8076-53938115FAF8}.RelWithDebInfo|x64.ActiveCfg = RelWithDebInfo|x64
		{94CDD014-04C2-3060-8076-53938115FAF8}.RelWithDebInfo|x64.Build.0 = RelWithDebInfo|x64
	EndGlobalSection
	GlobalSection(ExtensibilityGlobals) = postSolution
		SolutionGuid = {6144B410-BE47-3F91-BDC0-2A5AC86D317E}
	EndGlobalSection
	GlobalSection(ExtensibilityAddIns) = postSolution
	EndGlobalSection
EndGlobal
